
Microsoft Visual Studio Solution File, Format Version 12.00
# Visual Studio Version 17
VisualStudioVersion = 17.9.34622.214
MinimumVisualStudioVersion = 10.0.40219.1
Project("{8BC9CEB8-8B4A-11D0-8D11-00A0C91BC942}") = "Sandbox", "Sandbox\Sandbox.vcxproj", "{BC7C8371-C058-4A9F-8F48-B110C045EA94}"
EndProject
Project("{8BC9CEB8-8B4A-11D0-8D11-00A0C91BC942}") = "Hazel", "Hazel\Hazel.vcxproj", "{AC0A2A73-528C-42E2-982F-95249C3AF279}"
EndProject
Global
	GlobalSection(SolutionConfigurationPlatforms) = preSolution
		Debug|x64 = Debug|x64
		Release|x64 = Release|x64
	EndGlobalSection
	GlobalSection(ProjectConfigurationPlatforms) = postSolution
		{AC0A2A73-528C-42E2-982F-95249C3AF279}.Debug|x64.ActiveCfg = Debug|x64
		{AC0A2A73-528C-42E2-982F-95249C3AF279}.Debug|x64.Build.0 = Debug|x64
		{AC0A2A73-528C-42E2-982F-95249C3AF279}.Release|x64.ActiveCfg = Release|x64
		{AC0A2A73-528C-42E2-982F-95249C3AF279}.Release|x64.Build.0 = Release|x64
		{BC7C8371-C058-4A9F-8F48-B110C045EA94}.Debug|x64.ActiveCfg = Debug|x64
		{BC7C8371-C058-4A9F-8F48-B110C045EA94}.Debug|x64.Build.0 = Debug|x64
		{BC7C8371-C058-4A9F-8F48-B110C045EA94}.Release|x64.ActiveCfg = Release|x64
		{BC7C8371-C058-4A9F-8F48-B110C045EA94}.Release|x64.Build.0 = Release|x64
	EndGlobalSection
	GlobalSection(SolutionProperties) = preSolution
		HideSolutionNode = FALSE
	EndGlobalSection
	GlobalSection(ExtensibilityGlobals) = postSolution
		SolutionGuid = {335BB581-9E51-4D9E-84B8-DC1037F2187B}
	EndGlobalSection
EndGlobal
